// !$*UTF8*$!
{
	archiveVersion = 1;
	classes = {
	};
	objectVersion = 56;
	objects = {

/* Begin PBXBuildFile section */
		FB19D05B2C0E663400F81315 /* Vaporiser in Frameworks */ = {isa = PBXBuildFile; productRef = FB19D05A2C0E663400F81315 /* Vaporiser */; };
		FB59D60C2C0E06A90047DE6E /* ExampleApp.swift in Sources */ = {isa = PBXBuildFile; fileRef = FB59D60B2C0E06A90047DE6E /* ExampleApp.swift */; };
		FB59D60E2C0E06A90047DE6E /* CatView.swift in Sources */ = {isa = PBXBuildFile; fileRef = FB59D60D2C0E06A90047DE6E /* CatView.swift */; };
		FB59D6102C0E06AB0047DE6E /* Assets.xcassets in Resources */ = {isa = PBXBuildFile; fileRef = FB59D60F2C0E06AB0047DE6E /* Assets.xcassets */; };
		FB59D6132C0E06AB0047DE6E /* Preview Assets.xcassets in Resources */ = {isa = PBXBuildFile; fileRef = FB59D6122C0E06AB0047DE6E /* Preview Assets.xcassets */; };
		FB59D61E2C0E06AB0047DE6E /* ExampleTests.swift in Sources */ = {isa = PBXBuildFile; fileRef = FB59D61D2C0E06AB0047DE6E /* ExampleTests.swift */; };
		FB59D6282C0E06AB0047DE6E /* ExampleUITests.swift in Sources */ = {isa = PBXBuildFile; fileRef = FB59D6272C0E06AB0047DE6E /* ExampleUITests.swift */; };
		FBB586492C0E1674008F037D /* facts.json in Resources */ = {isa = PBXBuildFile; fileRef = FBB586482C0E1674008F037D /* facts.json */; };
/* End PBXBuildFile section */

/* Begin PBXContainerItemProxy section */
		FB59D61A2C0E06AB0047DE6E /* PBXContainerItemProxy */ = {
			isa = PBXContainerItemProxy;
			containerPortal = FB59D6002C0E06A90047DE6E /* Project object */;
			proxyType = 1;
			remoteGlobalIDString = FB59D6072C0E06A90047DE6E;
			remoteInfo = Example;
		};
		FB59D6242C0E06AB0047DE6E /* PBXContainerItemProxy */ = {
			isa = PBXContainerItemProxy;
			containerPortal = FB59D6002C0E06A90047DE6E /* Project object */;
			proxyType = 1;
			remoteGlobalIDString = FB59D6072C0E06A90047DE6E;
			remoteInfo = Example;
		};
/* End PBXContainerItemProxy section */

/* Begin PBXFileReference section */
		FB19D0592C0E662300F81315 /* Vaporiser */ = {isa = PBXFileReference; lastKnownFileType = wrapper; name = Vaporiser; path = ..; sourceTree = "<group>"; };
		FB59D6082C0E06A90047DE6E /* Example.app */ = {isa = PBXFileReference; explicitFileType = wrapper.application; includeInIndex = 0; path = Example.app; sourceTree = BUILT_PRODUCTS_DIR; };
		FB59D60B2C0E06A90047DE6E /* ExampleApp.swift */ = {isa = PBXFileReference; lastKnownFileType = sourcecode.swift; path = ExampleApp.swift; sourceTree = "<group>"; };
		FB59D60D2C0E06A90047DE6E /* CatView.swift */ = {isa = PBXFileReference; lastKnownFileType = sourcecode.swift; path = CatView.swift; sourceTree = "<group>"; };
		FB59D60F2C0E06AB0047DE6E /* Assets.xcassets */ = {isa = PBXFileReference; lastKnownFileType = folder.assetcatalog; path = Assets.xcassets; sourceTree = "<group>"; };
		FB59D6122C0E06AB0047DE6E /* Preview Assets.xcassets */ = {isa = PBXFileReference; lastKnownFileType = folder.assetcatalog; path = "Preview Assets.xcassets"; sourceTree = "<group>"; };
		FB59D6142C0E06AB0047DE6E /* Example.entitlements */ = {isa = PBXFileReference; lastKnownFileType = text.plist.entitlements; path = Example.entitlements; sourceTree = "<group>"; };
		FB59D6192C0E06AB0047DE6E /* ExampleTests.xctest */ = {isa = PBXFileReference; explicitFileType = wrapper.cfbundle; includeInIndex = 0; path = ExampleTests.xctest; sourceTree = BUILT_PRODUCTS_DIR; };
		FB59D61D2C0E06AB0047DE6E /* ExampleTests.swift */ = {isa = PBXFileReference; lastKnownFileType = sourcecode.swift; path = ExampleTests.swift; sourceTree = "<group>"; };
		FB59D6232C0E06AB0047DE6E /* ExampleUITests.xctest */ = {isa = PBXFileReference; explicitFileType = wrapper.cfbundle; includeInIndex = 0; path = ExampleUITests.xctest; sourceTree = BUILT_PRODUCTS_DIR; };
		FB59D6272C0E06AB0047DE6E /* ExampleUITests.swift */ = {isa = PBXFileReference; lastKnownFileType = sourcecode.swift; path = ExampleUITests.swift; sourceTree = "<group>"; };
		FBB586422C0E06F5008F037D /* Info.plist */ = {isa = PBXFileReference; lastKnownFileType = text.plist; path = Info.plist; sourceTree = "<group>"; };
		FBB586482C0E1674008F037D /* facts.json */ = {isa = PBXFileReference; lastKnownFileType = text.json; path = facts.json; sourceTree = "<group>"; };
		FBB5864A2C0E1A24008F037D /* Example.xctestplan */ = {isa = PBXFileReference; lastKnownFileType = text; path = Example.xctestplan; sourceTree = "<group>"; };
/* End PBXFileReference section */

/* Begin PBXFrameworksBuildPhase section */
		FB59D6052C0E06A90047DE6E /* Frameworks */ = {
			isa = PBXFrameworksBuildPhase;
			buildActionMask = 2147483647;
			files = (
			);
			runOnlyForDeploymentPostprocessing = 0;
		};
		FB59D6162C0E06AB0047DE6E /* Frameworks */ = {
			isa = PBXFrameworksBuildPhase;
			buildActionMask = 2147483647;
			files = (
			);
			runOnlyForDeploymentPostprocessing = 0;
		};
		FB59D6202C0E06AB0047DE6E /* Frameworks */ = {
			isa = PBXFrameworksBuildPhase;
			buildActionMask = 2147483647;
			files = (
				FB19D05B2C0E663400F81315 /* Vaporiser in Frameworks */,
			);
			runOnlyForDeploymentPostprocessing = 0;
		};
/* End PBXFrameworksBuildPhase section */

/* Begin PBXGroup section */
		FB59D5FF2C0E06A90047DE6E = {
			isa = PBXGroup;
			children = (
				FBB5864A2C0E1A24008F037D /* Example.xctestplan */,
				FB19D0592C0E662300F81315 /* Vaporiser */,
				FB59D60A2C0E06A90047DE6E /* Example */,
				FB59D61C2C0E06AB0047DE6E /* ExampleTests */,
				FB59D6262C0E06AB0047DE6E /* ExampleUITests */,
				FB59D6092C0E06A90047DE6E /* Products */,
				FBB586432C0E06FD008F037D /* Frameworks */,
			);
			sourceTree = "<group>";
		};
		FB59D6092C0E06A90047DE6E /* Products */ = {
			isa = PBXGroup;
			children = (
				FB59D6082C0E06A90047DE6E /* Example.app */,
				FB59D6192C0E06AB0047DE6E /* ExampleTests.xctest */,
				FB59D6232C0E06AB0047DE6E /* ExampleUITests.xctest */,
			);
			name = Products;
			sourceTree = "<group>";
		};
		FB59D60A2C0E06A90047DE6E /* Example */ = {
			isa = PBXGroup;
			children = (
				FBB586422C0E06F5008F037D /* Info.plist */,
				FB59D60B2C0E06A90047DE6E /* ExampleApp.swift */,
				FB59D60D2C0E06A90047DE6E /* CatView.swift */,
				FB59D60F2C0E06AB0047DE6E /* Assets.xcassets */,
				FB59D6142C0E06AB0047DE6E /* Example.entitlements */,
				FB59D6112C0E06AB0047DE6E /* Preview Content */,
			);
			path = Example;
			sourceTree = "<group>";
		};
		FB59D6112C0E06AB0047DE6E /* Preview Content */ = {
			isa = PBXGroup;
			children = (
				FB59D6122C0E06AB0047DE6E /* Preview Assets.xcassets */,
			);
			path = "Preview Content";
			sourceTree = "<group>";
		};
		FB59D61C2C0E06AB0047DE6E /* ExampleTests */ = {
			isa = PBXGroup;
			children = (
				FB59D61D2C0E06AB0047DE6E /* ExampleTests.swift */,
			);
			path = ExampleTests;
			sourceTree = "<group>";
		};
		FB59D6262C0E06AB0047DE6E /* ExampleUITests */ = {
			isa = PBXGroup;
			children = (
				FB59D6272C0E06AB0047DE6E /* ExampleUITests.swift */,
				FBB586482C0E1674008F037D /* facts.json */,
			);
			path = ExampleUITests;
			sourceTree = "<group>";
		};
		FBB586432C0E06FD008F037D /* Frameworks */ = {
			isa = PBXGroup;
			children = (
			);
			name = Frameworks;
			sourceTree = "<group>";
		};
/* End PBXGroup section */

/* Begin PBXNativeTarget section */
		FB59D6072C0E06A90047DE6E /* Example */ = {
			isa = PBXNativeTarget;
			buildConfigurationList = FB59D62D2C0E06AB0047DE6E /* Build configuration list for PBXNativeTarget "Example" */;
			buildPhases = (
				FB59D6042C0E06A90047DE6E /* Sources */,
				FB59D6052C0E06A90047DE6E /* Frameworks */,
				FB59D6062C0E06A90047DE6E /* Resources */,
			);
			buildRules = (
			);
			dependencies = (
			);
			name = Example;
			packageProductDependencies = (
			);
			productName = Example;
			productReference = FB59D6082C0E06A90047DE6E /* Example.app */;
			productType = "com.apple.product-type.application";
		};
		FB59D6182C0E06AB0047DE6E /* ExampleTests */ = {
			isa = PBXNativeTarget;
			buildConfigurationList = FB59D6302C0E06AB0047DE6E /* Build configuration list for PBXNativeTarget "ExampleTests" */;
			buildPhases = (
				FB59D6152C0E06AB0047DE6E /* Sources */,
				FB59D6162C0E06AB0047DE6E /* Frameworks */,
				FB59D6172C0E06AB0047DE6E /* Resources */,
			);
			buildRules = (
			);
			dependencies = (
				FB59D61B2C0E06AB0047DE6E /* PBXTargetDependency */,
			);
			name = ExampleTests;
			productName = ExampleTests;
			productReference = FB59D6192C0E06AB0047DE6E /* ExampleTests.xctest */;
			productType = "com.apple.product-type.bundle.unit-test";
		};
		FB59D6222C0E06AB0047DE6E /* ExampleUITests */ = {
			isa = PBXNativeTarget;
			buildConfigurationList = FB59D6332C0E06AB0047DE6E /* Build configuration list for PBXNativeTarget "ExampleUITests" */;
			buildPhases = (
				FB59D61F2C0E06AB0047DE6E /* Sources */,
				FB59D6202C0E06AB0047DE6E /* Frameworks */,
				FB59D6212C0E06AB0047DE6E /* Resources */,
			);
			buildRules = (
			);
			dependencies = (
				FB59D6252C0E06AB0047DE6E /* PBXTargetDependency */,
			);
			name = ExampleUITests;
			packageProductDependencies = (
				FB19D05A2C0E663400F81315 /* Vaporiser */,
			);
			productName = ExampleUITests;
			productReference = FB59D6232C0E06AB0047DE6E /* ExampleUITests.xctest */;
			productType = "com.apple.product-type.bundle.ui-testing";
		};
/* End PBXNativeTarget section */

/* Begin PBXProject section */
		FB59D6002C0E06A90047DE6E /* Project object */ = {
			isa = PBXProject;
			attributes = {
				BuildIndependentTargetsInParallel = 1;
				LastSwiftUpdateCheck = 1530;
				LastUpgradeCheck = 1530;
				TargetAttributes = {
					FB59D6072C0E06A90047DE6E = {
						CreatedOnToolsVersion = 15.3;
					};
					FB59D6182C0E06AB0047DE6E = {
						CreatedOnToolsVersion = 15.3;
						TestTargetID = FB59D6072C0E06A90047DE6E;
					};
					FB59D6222C0E06AB0047DE6E = {
						CreatedOnToolsVersion = 15.3;
						TestTargetID = FB59D6072C0E06A90047DE6E;
					};
				};
			};
			buildConfigurationList = FB59D6032C0E06A90047DE6E /* Build configuration list for PBXProject "Example" */;
			compatibilityVersion = "Xcode 14.0";
			developmentRegion = en;
			hasScannedForEncodings = 0;
			knownRegions = (
				en,
				Base,
			);
			mainGroup = FB59D5FF2C0E06A90047DE6E;
			productRefGroup = FB59D6092C0E06A90047DE6E /* Products */;
			projectDirPath = "";
			projectRoot = "";
			targets = (
				FB59D6072C0E06A90047DE6E /* Example */,
				FB59D6182C0E06AB0047DE6E /* ExampleTests */,
				FB59D6222C0E06AB0047DE6E /* ExampleUITests */,
			);
		};
/* End PBXProject section */

/* Begin PBXResourcesBuildPhase section */
		FB59D6062C0E06A90047DE6E /* Resources */ = {
			isa = PBXResourcesBuildPhase;
			buildActionMask = 2147483647;
			files = (
				FB59D6132C0E06AB0047DE6E /* Preview Assets.xcassets in Resources */,
				FB59D6102C0E06AB0047DE6E /* Assets.xcassets in Resources */,
			);
			runOnlyForDeploymentPostprocessing = 0;
		};
		FB59D6172C0E06AB0047DE6E /* Resources */ = {
			isa = PBXResourcesBuildPhase;
			buildActionMask = 2147483647;
			files = (
			);
			runOnlyForDeploymentPostprocessing = 0;
		};
		FB59D6212C0E06AB0047DE6E /* Resources */ = {
			isa = PBXResourcesBuildPhase;
			buildActionMask = 2147483647;
			files = (
				FBB586492C0E1674008F037D /* facts.json in Resources */,
			);
			runOnlyForDeploymentPostprocessing = 0;
		};
/* End PBXResourcesBuildPhase section */

/* Begin PBXSourcesBuildPhase section */
		FB59D6042C0E06A90047DE6E /* Sources */ = {
			isa = PBXSourcesBuildPhase;
			buildActionMask = 2147483647;
			files = (
				FB59D60E2C0E06A90047DE6E /* CatView.swift in Sources */,
				FB59D60C2C0E06A90047DE6E /* ExampleApp.swift in Sources */,
			);
			runOnlyForDeploymentPostprocessing = 0;
		};
		FB59D6152C0E06AB0047DE6E /* Sources */ = {
			isa = PBXSourcesBuildPhase;
			buildActionMask = 2147483647;
			files = (
				FB59D61E2C0E06AB0047DE6E /* ExampleTests.swift in Sources */,
			);
			runOnlyForDeploymentPostprocessing = 0;
		};
		FB59D61F2C0E06AB0047DE6E /* Sources */ = {
			isa = PBXSourcesBuildPhase;
			buildActionMask = 2147483647;
			files = (
				FB59D6282C0E06AB0047DE6E /* ExampleUITests.swift in Sources */,
			);
			runOnlyForDeploymentPostprocessing = 0;
		};
/* End PBXSourcesBuildPhase section */

/* Begin PBXTargetDependency section */
		FB59D61B2C0E06AB0047DE6E /* PBXTargetDependency */ = {
			isa = PBXTargetDependency;
			target = FB59D6072C0E06A90047DE6E /* Example */;
			targetProxy = FB59D61A2C0E06AB0047DE6E /* PBXContainerItemProxy */;
		};
		FB59D6252C0E06AB0047DE6E /* PBXTargetDependency */ = {
			isa = PBXTargetDependency;
			target = FB59D6072C0E06A90047DE6E /* Example */;
			targetProxy = FB59D6242C0E06AB0047DE6E /* PBXContainerItemProxy */;
		};
/* End PBXTargetDependency section */

/* Begin XCBuildConfiguration section */
		FB59D62B2C0E06AB0047DE6E /* Debug */ = {
			isa = XCBuildConfiguration;
			buildSettings = {
				ALWAYS_SEARCH_USER_PATHS = NO;
				ASSETCATALOG_COMPILER_GENERATE_SWIFT_ASSET_SYMBOL_EXTENSIONS = YES;
				CLANG_ANALYZER_NONNULL = YES;
				CLANG_ANALYZER_NUMBER_OBJECT_CONVERSION = YES_AGGRESSIVE;
				CLANG_CXX_LANGUAGE_STANDARD = "gnu++20";
				CLANG_ENABLE_MODULES = YES;
				CLANG_ENABLE_OBJC_ARC = YES;
				CLANG_ENABLE_OBJC_WEAK = YES;
				CLANG_WARN_BLOCK_CAPTURE_AUTORELEASING = YES;
				CLANG_WARN_BOOL_CONVERSION = YES;
				CLANG_WARN_COMMA = YES;
				CLANG_WARN_CONSTANT_CONVERSION = YES;
				CLANG_WARN_DEPRECATED_OBJC_IMPLEMENTATIONS = YES;
				CLANG_WARN_DIRECT_OBJC_ISA_USAGE = YES_ERROR;
				CLANG_WARN_DOCUMENTATION_COMMENTS = YES;
				CLANG_WARN_EMPTY_BODY = YES;
				CLANG_WARN_ENUM_CONVERSION = YES;
				CLANG_WARN_INFINITE_RECURSION = YES;
				CLANG_WARN_INT_CONVERSION = YES;
				CLANG_WARN_NON_LITERAL_NULL_CONVERSION = YES;
				CLANG_WARN_OBJC_IMPLICIT_RETAIN_SELF = YES;
				CLANG_WARN_OBJC_LITERAL_CONVERSION = YES;
				CLANG_WARN_OBJC_ROOT_CLASS = YES_ERROR;
				CLANG_WARN_QUOTED_INCLUDE_IN_FRAMEWORK_HEADER = YES;
				CLANG_WARN_RANGE_LOOP_ANALYSIS = YES;
				CLANG_WARN_STRICT_PROTOTYPES = YES;
				CLANG_WARN_SUSPICIOUS_MOVE = YES;
				CLANG_WARN_UNGUARDED_AVAILABILITY = YES_AGGRESSIVE;
				CLANG_WARN_UNREACHABLE_CODE = YES;
				CLANG_WARN__DUPLICATE_METHOD_MATCH = YES;
				COPY_PHASE_STRIP = NO;
				DEBUG_INFORMATION_FORMAT = dwarf;
				ENABLE_STRICT_OBJC_MSGSEND = YES;
				ENABLE_TESTABILITY = YES;
				ENABLE_USER_SCRIPT_SANDBOXING = YES;
				GCC_C_LANGUAGE_STANDARD = gnu17;
				GCC_DYNAMIC_NO_PIC = NO;
				GCC_NO_COMMON_BLOCKS = YES;
				GCC_OPTIMIZATION_LEVEL = 0;
				GCC_PREPROCESSOR_DEFINITIONS = (
					"DEBUG=1",
					"$(inherited)",
				);
				GCC_WARN_64_TO_32_BIT_CONVERSION = YES;
				GCC_WARN_ABOUT_RETURN_TYPE = YES_ERROR;
				GCC_WARN_UNDECLARED_SELECTOR = YES;
				GCC_WARN_UNINITIALIZED_AUTOS = YES_AGGRESSIVE;
				GCC_WARN_UNUSED_FUNCTION = YES;
				GCC_WARN_UNUSED_VARIABLE = YES;
				IPHONEOS_DEPLOYMENT_TARGET = 16.0;
				LOCALIZATION_PREFERS_STRING_CATALOGS = YES;
				MTL_ENABLE_DEBUG_INFO = INCLUDE_SOURCE;
				MTL_FAST_MATH = YES;
				ONLY_ACTIVE_ARCH = YES;
				SDKROOT = iphoneos;
				SWIFT_ACTIVE_COMPILATION_CONDITIONS = "DEBUG $(inherited)";
				SWIFT_OPTIMIZATION_LEVEL = "-Onone";
			};
			name = Debug;
		};
		FB59D62C2C0E06AB0047DE6E /* Release */ = {
			isa = XCBuildConfiguration;
			buildSettings = {
				ALWAYS_SEARCH_USER_PATHS = NO;
				ASSETCATALOG_COMPILER_GENERATE_SWIFT_ASSET_SYMBOL_EXTENSIONS = YES;
				CLANG_ANALYZER_NONNULL = YES;
				CLANG_ANALYZER_NUMBER_OBJECT_CONVERSION = YES_AGGRESSIVE;
				CLANG_CXX_LANGUAGE_STANDARD = "gnu++20";
				CLANG_ENABLE_MODULES = YES;
				CLANG_ENABLE_OBJC_ARC = YES;
				CLANG_ENABLE_OBJC_WEAK = YES;
				CLANG_WARN_BLOCK_CAPTURE_AUTORELEASING = YES;
				CLANG_WARN_BOOL_CONVERSION = YES;
				CLANG_WARN_COMMA = YES;
				CLANG_WARN_CONSTANT_CONVERSION = YES;
				CLANG_WARN_DEPRECATED_OBJC_IMPLEMENTATIONS = YES;
				CLANG_WARN_DIRECT_OBJC_ISA_USAGE = YES_ERROR;
				CLANG_WARN_DOCUMENTATION_COMMENTS = YES;
				CLANG_WARN_EMPTY_BODY = YES;
				CLANG_WARN_ENUM_CONVERSION = YES;
				CLANG_WARN_INFINITE_RECURSION = YES;
				CLANG_WARN_INT_CONVERSION = YES;
				CLANG_WARN_NON_LITERAL_NULL_CONVERSION = YES;
				CLANG_WARN_OBJC_IMPLICIT_RETAIN_SELF = YES;
				CLANG_WARN_OBJC_LITERAL_CONVERSION = YES;
				CLANG_WARN_OBJC_ROOT_CLASS = YES_ERROR;
				CLANG_WARN_QUOTED_INCLUDE_IN_FRAMEWORK_HEADER = YES;
				CLANG_WARN_RANGE_LOOP_ANALYSIS = YES;
				CLANG_WARN_STRICT_PROTOTYPES = YES;
				CLANG_WARN_SUSPICIOUS_MOVE = YES;
				CLANG_WARN_UNGUARDED_AVAILABILITY = YES_AGGRESSIVE;
				CLANG_WARN_UNREACHABLE_CODE = YES;
				CLANG_WARN__DUPLICATE_METHOD_MATCH = YES;
				COPY_PHASE_STRIP = NO;
				DEBUG_INFORMATION_FORMAT = "dwarf-with-dsym";
				ENABLE_NS_ASSERTIONS = NO;
				ENABLE_STRICT_OBJC_MSGSEND = YES;
				ENABLE_USER_SCRIPT_SANDBOXING = YES;
				GCC_C_LANGUAGE_STANDARD = gnu17;
				GCC_NO_COMMON_BLOCKS = YES;
				GCC_WARN_64_TO_32_BIT_CONVERSION = YES;
				GCC_WARN_ABOUT_RETURN_TYPE = YES_ERROR;
				GCC_WARN_UNDECLARED_SELECTOR = YES;
				GCC_WARN_UNINITIALIZED_AUTOS = YES_AGGRESSIVE;
				GCC_WARN_UNUSED_FUNCTION = YES;
				GCC_WARN_UNUSED_VARIABLE = YES;
				IPHONEOS_DEPLOYMENT_TARGET = 16.0;
				LOCALIZATION_PREFERS_STRING_CATALOGS = YES;
				MTL_ENABLE_DEBUG_INFO = NO;
				MTL_FAST_MATH = YES;
				SDKROOT = iphoneos;
				SWIFT_COMPILATION_MODE = wholemodule;
			};
			name = Release;
		};
		FB59D62E2C0E06AB0047DE6E /* Debug */ = {
			isa = XCBuildConfiguration;
			buildSettings = {
				ASSETCATALOG_COMPILER_APPICON_NAME = AppIcon;
				ASSETCATALOG_COMPILER_GLOBAL_ACCENT_COLOR_NAME = AccentColor;
				CODE_SIGN_ENTITLEMENTS = Example/Example.entitlements;
				CODE_SIGN_STYLE = Automatic;
				COMBINE_HIDPI_IMAGES = YES;
				CURRENT_PROJECT_VERSION = 1;
				DEVELOPMENT_ASSET_PATHS = "\"Example/Preview Content\"";
				DEVELOPMENT_TEAM = RCTL45N8E9;
				ENABLE_HARDENED_RUNTIME = YES;
				ENABLE_PREVIEWS = YES;
				GENERATE_INFOPLIST_FILE = YES;
				INFOPLIST_FILE = Example/Info.plist;
				INFOPLIST_KEY_NSHumanReadableCopyright = "";
				LD_RUNPATH_SEARCH_PATHS = (
					"$(inherited)",
					"@executable_path/../Frameworks",
				);
				MARKETING_VERSION = 1.0;
				PRODUCT_BUNDLE_IDENTIFIER = marton.Example;
				PRODUCT_NAME = "$(TARGET_NAME)";
				SUPPORTED_PLATFORMS = "iphoneos iphonesimulator";
				SUPPORTS_MACCATALYST = NO;
				SUPPORTS_MAC_DESIGNED_FOR_IPHONE_IPAD = NO;
				SWIFT_EMIT_LOC_STRINGS = YES;
				SWIFT_VERSION = 5.0;
				TARGETED_DEVICE_FAMILY = 1;
			};
			name = Debug;
		};
		FB59D62F2C0E06AB0047DE6E /* Release */ = {
			isa = XCBuildConfiguration;
			buildSettings = {
				ASSETCATALOG_COMPILER_APPICON_NAME = AppIcon;
				ASSETCATALOG_COMPILER_GLOBAL_ACCENT_COLOR_NAME = AccentColor;
				CODE_SIGN_ENTITLEMENTS = Example/Example.entitlements;
				CODE_SIGN_STYLE = Automatic;
				COMBINE_HIDPI_IMAGES = YES;
				CURRENT_PROJECT_VERSION = 1;
				DEVELOPMENT_ASSET_PATHS = "\"Example/Preview Content\"";
				DEVELOPMENT_TEAM = RCTL45N8E9;
				ENABLE_HARDENED_RUNTIME = YES;
				ENABLE_PREVIEWS = YES;
				GENERATE_INFOPLIST_FILE = YES;
				INFOPLIST_FILE = Example/Info.plist;
				INFOPLIST_KEY_NSHumanReadableCopyright = "";
				LD_RUNPATH_SEARCH_PATHS = (
					"$(inherited)",
					"@executable_path/../Frameworks",
				);
				MARKETING_VERSION = 1.0;
				PRODUCT_BUNDLE_IDENTIFIER = marton.Example;
				PRODUCT_NAME = "$(TARGET_NAME)";
				SUPPORTED_PLATFORMS = "iphoneos iphonesimulator";
				SUPPORTS_MACCATALYST = NO;
				SUPPORTS_MAC_DESIGNED_FOR_IPHONE_IPAD = NO;
				SWIFT_EMIT_LOC_STRINGS = YES;
				SWIFT_VERSION = 5.0;
				TARGETED_DEVICE_FAMILY = 1;
			};
			name = Release;
		};
		FB59D6312C0E06AB0047DE6E /* Debug */ = {
			isa = XCBuildConfiguration;
			buildSettings = {
				ALWAYS_EMBED_SWIFT_STANDARD_LIBRARIES = YES;
				BUNDLE_LOADER = "$(TEST_HOST)";
				CODE_SIGN_STYLE = Automatic;
				CURRENT_PROJECT_VERSION = 1;
				DEVELOPMENT_TEAM = RCTL45N8E9;
				GENERATE_INFOPLIST_FILE = YES;
				MACOSX_DEPLOYMENT_TARGET = 14.4;
				MARKETING_VERSION = 1.0;
				PRODUCT_BUNDLE_IDENTIFIER = marton.ExampleTests;
				PRODUCT_NAME = "$(TARGET_NAME)";
				SWIFT_EMIT_LOC_STRINGS = NO;
				SWIFT_VERSION = 5.0;
				TEST_HOST = "$(BUILT_PRODUCTS_DIR)/Example.app/$(BUNDLE_EXECUTABLE_FOLDER_PATH)/Example";
			};
			name = Debug;
		};
		FB59D6322C0E06AB0047DE6E /* Release */ = {
			isa = XCBuildConfiguration;
			buildSettings = {
				ALWAYS_EMBED_SWIFT_STANDARD_LIBRARIES = YES;
				BUNDLE_LOADER = "$(TEST_HOST)";
				CODE_SIGN_STYLE = Automatic;
				CURRENT_PROJECT_VERSION = 1;
				DEVELOPMENT_TEAM = RCTL45N8E9;
				GENERATE_INFOPLIST_FILE = YES;
				MACOSX_DEPLOYMENT_TARGET = 14.4;
				MARKETING_VERSION = 1.0;
				PRODUCT_BUNDLE_IDENTIFIER = marton.ExampleTests;
				PRODUCT_NAME = "$(TARGET_NAME)";
				SWIFT_EMIT_LOC_STRINGS = NO;
				SWIFT_VERSION = 5.0;
				TEST_HOST = "$(BUILT_PRODUCTS_DIR)/Example.app/$(BUNDLE_EXECUTABLE_FOLDER_PATH)/Example";
			};
			name = Release;
		};
		FB59D6342C0E06AB0047DE6E /* Debug */ = {
			isa = XCBuildConfiguration;
			buildSettings = {
				ALWAYS_EMBED_SWIFT_STANDARD_LIBRARIES = YES;
				CODE_SIGN_STYLE = Automatic;
				CURRENT_PROJECT_VERSION = 1;
				DEVELOPMENT_TEAM = RCTL45N8E9;
				GENERATE_INFOPLIST_FILE = YES;
				MARKETING_VERSION = 1.0;
				PRODUCT_BUNDLE_IDENTIFIER = marton.ExampleUITests;
				PRODUCT_NAME = "$(TARGET_NAME)";
				SUPPORTED_PLATFORMS = "iphoneos iphonesimulator";
				SUPPORTS_MACCATALYST = NO;
				SWIFT_EMIT_LOC_STRINGS = NO;
				SWIFT_VERSION = 5.0;
				TARGETED_DEVICE_FAMILY = 1;
				TEST_TARGET_NAME = Example;
			};
			name = Debug;
		};
		FB59D6352C0E06AB0047DE6E /* Release */ = {
			isa = XCBuildConfiguration;
			buildSettings = {
				ALWAYS_EMBED_SWIFT_STANDARD_LIBRARIES = YES;
				CODE_SIGN_STYLE = Automatic;
				CURRENT_PROJECT_VERSION = 1;
				DEVELOPMENT_TEAM = RCTL45N8E9;
				GENERATE_INFOPLIST_FILE = YES;
				MARKETING_VERSION = 1.0;
				PRODUCT_BUNDLE_IDENTIFIER = marton.ExampleUITests;
				PRODUCT_NAME = "$(TARGET_NAME)";
				SUPPORTED_PLATFORMS = "iphoneos iphonesimulator";
				SUPPORTS_MACCATALYST = NO;
				SWIFT_EMIT_LOC_STRINGS = NO;
				SWIFT_VERSION = 5.0;
				TARGETED_DEVICE_FAMILY = 1;
				TEST_TARGET_NAME = Example;
			};
			name = Release;
		};
/* End XCBuildConfiguration section */

/* Begin XCConfigurationList section */
		FB59D6032C0E06A90047DE6E /* Build configuration list for PBXProject "Example" */ = {
			isa = XCConfigurationList;
			buildConfigurations = (
				FB59D62B2C0E06AB0047DE6E /* Debug */,
				FB59D62C2C0E06AB0047DE6E /* Release */,
			);
			defaultConfigurationIsVisible = 0;
			defaultConfigurationName = Release;
		};
		FB59D62D2C0E06AB0047DE6E /* Build configuration list for PBXNativeTarget "Example" */ = {
			isa = XCConfigurationList;
			buildConfigurations = (
				FB59D62E2C0E06AB0047DE6E /* Debug */,
				FB59D62F2C0E06AB0047DE6E /* Release */,
			);
			defaultConfigurationIsVisible = 0;
			defaultConfigurationName = Release;
		};
		FB59D6302C0E06AB0047DE6E /* Build configuration list for PBXNativeTarget "ExampleTests" */ = {
			isa = XCConfigurationList;
			buildConfigurations = (
				FB59D6312C0E06AB0047DE6E /* Debug */,
				FB59D6322C0E06AB0047DE6E /* Release */,
			);
			defaultConfigurationIsVisible = 0;
			defaultConfigurationName = Release;
		};
		FB59D6332C0E06AB0047DE6E /* Build configuration list for PBXNativeTarget "ExampleUITests" */ = {
			isa = XCConfigurationList;
			buildConfigurations = (
				FB59D6342C0E06AB0047DE6E /* Debug */,
				FB59D6352C0E06AB0047DE6E /* Release */,
			);
			defaultConfigurationIsVisible = 0;
			defaultConfigurationName = Release;
		};
/* End XCConfigurationList section */

/* Begin XCSwiftPackageProductDependency section */
		FB19D05A2C0E663400F81315 /* Vaporiser */ = {
			isa = XCSwiftPackageProductDependency;
			productName = Vaporiser;
		};
/* End XCSwiftPackageProductDependency section */
	};
	rootObject = FB59D6002C0E06A90047DE6E /* Project object */;
}
